
Microsoft Visual Studio Solution File, Format Version 12.00
# Visual Studio Version 16
VisualStudioVersion = 16.0.31229.75
MinimumVisualStudioVersion = 10.0.40219.1
Project("{FAE04EC0-301F-11D3-BF4B-00C04F79EFBC}") = "HomeTaskNumber1", "HomeTaskNumber1.csproj", "{785C4445-5769-4E1E-BEE8-DA86F704D19A}"
EndProject
Global
	GlobalSection(SolutionConfigurationPlatforms) = preSolution
		Debug|Any CPU = Debug|Any CPU
		Release|Any CPU = Release|Any CPU
	EndGlobalSection
	GlobalSection(ProjectConfigurationPlatforms) = postSolution
		{785C4445-5769-4E1E-BEE8-DA86F704D19A}.Debug|Any CPU.ActiveCfg = Debug|Any CPU
		{785C4445-5769-4E1E-BEE8-DA86F704D19A}.Debug|Any CPU.Build.0 = Debug|Any CPU
		{785C4445-5769-4E1E-BEE8-DA86F704D19A}.Release|Any CPU.ActiveCfg = Release|Any CPU
		{785C4445-5769-4E1E-BEE8-DA86F704D19A}.Release|Any CPU.Build.0 = Release|Any CPU
	EndGlobalSection
	GlobalSection(SolutionProperties) = preSolution
		HideSolutionNode = FALSE
	EndGlobalSection
	GlobalSection(ExtensibilityGlobals) = postSolution
		SolutionGuid = {F55D398D-EDAE-4A04-9C60-5C85DF803640}
	EndGlobalSection
EndGlobal
